{
  "name": "currency_converter_app",
  "lockfileVersion": 2,
  "requires": true,
  "packages": {
    "": {
      "devDependencies": {
        "@arkweid/lefthook": "^0.7.7"
      }
    },
    "node_modules/@arkweid/lefthook": {
      "version": "0.7.7",
      "resolved": "https://registry.npmjs.org/@arkweid/lefthook/-/lefthook-0.7.7.tgz",
      "integrity": "sha512-Eq30OXKmjxIAIsTtbX2fcF3SNZIXS8yry1u8yty7PQFYRctx04rVlhOJCEB2UmfTh8T2vrOMC9IHHUvvo5zbaQ==",
      "cpu": [
        "x64",
        "arm64",
        "ia32"
      ],
      "dev": true,
      "hasInstallScript": true,
      "os": [
        "darwin",
        "linux",
        "win32"
      ],
      "bin": {
        "lefthook": "bin/index.js"
      }
    }
  },
  "dependencies": {
    "@arkweid/lefthook": {
      "version": "0.7.7",
      "resolved": "https://registry.npmjs.org/@arkweid/lefthook/-/lefthook-0.7.7.tgz",
      "integrity": "sha512-Eq30OXKmjxIAIsTtbX2fcF3SNZIXS8yry1u8yty7PQFYRctx04rVlhOJCEB2UmfTh8T2vrOMC9IHHUvvo5zbaQ==",
      "dev": true
    }
  }
}
